
Microsoft Visual Studio Solution File, Format Version 12.00
# Visual Studio Version 17
VisualStudioVersion = 17.5.2.0
MinimumVisualStudioVersion = 10.0.40219.1
Project("{FAE04EC0-301F-11D3-BF4B-00C04F79EFBC}") = "AgeDigitalTwins", "AgeDigitalTwins\AgeDigitalTwins.csproj", "{E2F42664-994F-4099-A566-3075EB014888}"
EndProject
Project("{FAE04EC0-301F-11D3-BF4B-00C04F79EFBC}") = "AgeDigitalTwins.Test", "AgeDigitalTwins.Test\AgeDigitalTwins.Test.csproj", "{BE27AB0A-B172-4A76-AD3A-376159770517}"
EndProject
Project("{FAE04EC0-301F-11D3-BF4B-00C04F79EFBC}") = "AgeDigitalTwins.ApiService", "AgeDigitalTwins.ApiService\AgeDigitalTwins.ApiService.csproj", "{6F2784DD-0807-417E-B718-DDDB4416B02B}"
EndProject
Project("{FAE04EC0-301F-11D3-BF4B-00C04F79EFBC}") = "AgeDigitalTwins.ApiService.Test", "AgeDigitalTwins.ApiService.Test\AgeDigitalTwins.ApiService.Test.csproj", "{E1C6E584-87DC-46EE-B62E-A841F8830B45}"
EndProject
Project("{FAE04EC0-301F-11D3-BF4B-00C04F79EFBC}") = "AgeDigitalTwins.AppHost", "AgeDigitalTwins.AppHost\AgeDigitalTwins.AppHost.csproj", "{BC65D885-ACC6-4CC3-86D9-D611C374EF47}"
EndProject
Project("{FAE04EC0-301F-11D3-BF4B-00C04F79EFBC}") = "AgeDigitalTwins.ServiceDefaults", "AgeDigitalTwins.ServiceDefaults\AgeDigitalTwins.ServiceDefaults.csproj", "{CB15969F-9F1E-4CFC-8F1B-62374325BBDB}"
EndProject
Project("{FAE04EC0-301F-11D3-BF4B-00C04F79EFBC}") = "AgeDigitalTwins.Events", "AgeDigitalTwins.Events\AgeDigitalTwins.Events.csproj", "{27271F43-2776-4DBB-B159-680F8EA86FEC}"
EndProject
Project("{FAE04EC0-301F-11D3-BF4B-00C04F79EFBC}") = "AgeDigitalTwins.Events.Test", "AgeDigitalTwins.Events.Test\AgeDigitalTwins.Events.Test.csproj", "{096D0FED-02C5-41CB-B579-2CC7996841C5}"
EndProject
Project("{FAE04EC0-301F-11D3-BF4B-00C04F79EFBC}") = "AgeDigitalTwins.MCPServerHttp", "AgeDigitalTwins.MCPServerHttp\AgeDigitalTwins.MCPServerHttp.csproj", "{A2A18737-2BA8-4C55-B7DE-1F88469CD253}"
EndProject
Global
	GlobalSection(SolutionConfigurationPlatforms) = preSolution
		Debug|Any CPU = Debug|Any CPU
		Release|Any CPU = Release|Any CPU
	EndGlobalSection
	GlobalSection(ProjectConfigurationPlatforms) = postSolution
		{E2F42664-994F-4099-A566-3075EB014888}.Debug|Any CPU.ActiveCfg = Debug|Any CPU
		{E2F42664-994F-4099-A566-3075EB014888}.Debug|Any CPU.Build.0 = Debug|Any CPU
		{E2F42664-994F-4099-A566-3075EB014888}.Release|Any CPU.ActiveCfg = Release|Any CPU
		{E2F42664-994F-4099-A566-3075EB014888}.Release|Any CPU.Build.0 = Release|Any CPU
		{BE27AB0A-B172-4A76-AD3A-376159770517}.Debug|Any CPU.ActiveCfg = Debug|Any CPU
		{BE27AB0A-B172-4A76-AD3A-376159770517}.Debug|Any CPU.Build.0 = Debug|Any CPU
		{BE27AB0A-B172-4A76-AD3A-376159770517}.Release|Any CPU.ActiveCfg = Release|Any CPU
		{BE27AB0A-B172-4A76-AD3A-376159770517}.Release|Any CPU.Build.0 = Release|Any CPU
		{6F2784DD-0807-417E-B718-DDDB4416B02B}.Debug|Any CPU.ActiveCfg = Debug|Any CPU
		{6F2784DD-0807-417E-B718-DDDB4416B02B}.Debug|Any CPU.Build.0 = Debug|Any CPU
		{6F2784DD-0807-417E-B718-DDDB4416B02B}.Release|Any CPU.ActiveCfg = Release|Any CPU
		{6F2784DD-0807-417E-B718-DDDB4416B02B}.Release|Any CPU.Build.0 = Release|Any CPU
		{E1C6E584-87DC-46EE-B62E-A841F8830B45}.Debug|Any CPU.ActiveCfg = Debug|Any CPU
		{E1C6E584-87DC-46EE-B62E-A841F8830B45}.Debug|Any CPU.Build.0 = Debug|Any CPU
		{E1C6E584-87DC-46EE-B62E-A841F8830B45}.Release|Any CPU.ActiveCfg = Release|Any CPU
		{E1C6E584-87DC-46EE-B62E-A841F8830B45}.Release|Any CPU.Build.0 = Release|Any CPU
		{BC65D885-ACC6-4CC3-86D9-D611C374EF47}.Debug|Any CPU.ActiveCfg = Debug|Any CPU
		{BC65D885-ACC6-4CC3-86D9-D611C374EF47}.Debug|Any CPU.Build.0 = Debug|Any CPU
		{BC65D885-ACC6-4CC3-86D9-D611C374EF47}.Release|Any CPU.ActiveCfg = Release|Any CPU
		{BC65D885-ACC6-4CC3-86D9-D611C374EF47}.Release|Any CPU.Build.0 = Release|Any CPU
		{CB15969F-9F1E-4CFC-8F1B-62374325BBDB}.Debug|Any CPU.ActiveCfg = Debug|Any CPU
		{CB15969F-9F1E-4CFC-8F1B-62374325BBDB}.Debug|Any CPU.Build.0 = Debug|Any CPU
		{CB15969F-9F1E-4CFC-8F1B-62374325BBDB}.Release|Any CPU.ActiveCfg = Release|Any CPU
		{CB15969F-9F1E-4CFC-8F1B-62374325BBDB}.Release|Any CPU.Build.0 = Release|Any CPU
		{27271F43-2776-4DBB-B159-680F8EA86FEC}.Debug|Any CPU.ActiveCfg = Debug|Any CPU
		{27271F43-2776-4DBB-B159-680F8EA86FEC}.Debug|Any CPU.Build.0 = Debug|Any CPU
		{27271F43-2776-4DBB-B159-680F8EA86FEC}.Release|Any CPU.ActiveCfg = Release|Any CPU
		{27271F43-2776-4DBB-B159-680F8EA86FEC}.Release|Any CPU.Build.0 = Release|Any CPU
		{096D0FED-02C5-41CB-B579-2CC7996841C5}.Debug|Any CPU.ActiveCfg = Debug|Any CPU
		{096D0FED-02C5-41CB-B579-2CC7996841C5}.Debug|Any CPU.Build.0 = Debug|Any CPU
		{096D0FED-02C5-41CB-B579-2CC7996841C5}.Release|Any CPU.ActiveCfg = Release|Any CPU
		{096D0FED-02C5-41CB-B579-2CC7996841C5}.Release|Any CPU.Build.0 = Release|Any CPU
		{A2A18737-2BA8-4C55-B7DE-1F88469CD253}.Debug|Any CPU.ActiveCfg = Debug|Any CPU
		{A2A18737-2BA8-4C55-B7DE-1F88469CD253}.Debug|Any CPU.Build.0 = Debug|Any CPU
		{A2A18737-2BA8-4C55-B7DE-1F88469CD253}.Release|Any CPU.ActiveCfg = Release|Any CPU
		{A2A18737-2BA8-4C55-B7DE-1F88469CD253}.Release|Any CPU.Build.0 = Release|Any CPU
	EndGlobalSection
	GlobalSection(SolutionProperties) = preSolution
		HideSolutionNode = FALSE
	EndGlobalSection
	GlobalSection(ExtensibilityGlobals) = postSolution
		SolutionGuid = {F9032D3D-6BA6-4932-932A-88A59F178188}
	EndGlobalSection
EndGlobal
